
Microsoft Visual Studio Solution File, Format Version 12.00
# Visual Studio Version 17
VisualStudioVersion = 17.7.34031.279
MinimumVisualStudioVersion = 10.0.40219.1
Project("{FAE04EC0-301F-11D3-BF4B-00C04F79EFBC}") = "IterationExercise", "IterationExercise\IterationExercise.csproj", "{9BA018BB-4DDB-4152-97CE-BD3378E92093}"
EndProject
Global
	GlobalSection(SolutionConfigurationPlatforms) = preSolution
		Debug|Any CPU = Debug|Any CPU
		Release|Any CPU = Release|Any CPU
	EndGlobalSection
	GlobalSection(ProjectConfigurationPlatforms) = postSolution
		{9BA018BB-4DDB-4152-97CE-BD3378E92093}.Debug|Any CPU.ActiveCfg = Debug|Any CPU
		{9BA018BB-4DDB-4152-97CE-BD3378E92093}.Debug|Any CPU.Build.0 = Debug|Any CPU
		{9BA018BB-4DDB-4152-97CE-BD3378E92093}.Release|Any CPU.ActiveCfg = Release|Any CPU
		{9BA018BB-4DDB-4152-97CE-BD3378E92093}.Release|Any CPU.Build.0 = Release|Any CPU
	EndGlobalSection
	GlobalSection(SolutionProperties) = preSolution
		HideSolutionNode = FALSE
	EndGlobalSection
	GlobalSection(ExtensibilityGlobals) = postSolution
		SolutionGuid = {686A8618-0CA9-4ACF-B1F9-B0C455C5DFAC}
	EndGlobalSection
EndGlobal
